<?xml version="1.0" encoding="utf-8"?>
<Project ToolsVersion="4.0" xmlns="http://schemas.microsoft.com/developer/msbuild/2003">
  <ItemGroup>
    <Filter Include="Source Files">
      <UniqueIdentifier>{4FC737F1-C7A5-4376-A066-2A32D752A2FF}</UniqueIdentifier>
      <Extensions>cpp;c;cc;cxx;def;odl;idl;hpj;bat;asm;asmx</Extensions>
    </Filter>
    <Filter Include="Header Files">
      <UniqueIdentifier>{93995380-89BD-4b04-88EB-625FBE52EBFB}</UniqueIdentifier>
      <Extensions>h;hpp;hxx;hm;inl;inc;xsd</Extensions>
    </Filter>
  </ItemGroup>
  <ItemGroup>
    <ClCompile Include="CCriticalSection.cpp">
      <Filter>Source Files</Filter>
    </ClCompile>
    <ClCompile Include="CDataPool.cpp">
      <Filter>Source Files</Filter>
    </ClCompile>
    <ClCompile Include="CEvent.cpp">
      <Filter>Source Files</Filter>
    </ClCompile>
    <ClCompile Include="CIndexArray.cpp">
      <Filter>Source Files</Filter>
    </ClCompile>
    <ClCompile Include="CIndexList.cpp">
      <Filter>Source Files</Filter>
    </ClCompile>
    <ClCompile Include="CIocp.cpp">
      <Filter>Source Files</Filter>
    </ClCompile>
    <ClCompile Include="CIocpIoData.cpp">
      <Filter>Source Files</Filter>
    </ClCompile>
    <ClCompile Include="CIocpServer.cpp">
      <Filter>Source Files</Filter>
    </ClCompile>
    <ClCompile Include="CIocpServerAccepter.cpp">
      <Filter>Source Files</Filter>
    </ClCompile>
    <ClCompile Include="CIocpServerChecker.cpp">
      <Filter>Source Files</Filter>
    </ClCompile>
    <ClCompile Include="CIocpServerWorker.cpp">
      <Filter>Source Files</Filter>
    </ClCompile>
    <ClCompile Include="CIocpSocket.cpp">
      <Filter>Source Files</Filter>
    </ClCompile>
    <ClCompile Include="CList.cpp">
      <Filter>Source Files</Filter>
    </ClCompile>
    <ClCompile Include="CSelectServer.cpp">
      <Filter>Source Files</Filter>
    </ClCompile>
    <ClCompile Include="CSelectServerAccepter.cpp">
      <Filter>Source Files</Filter>
    </ClCompile>
    <ClCompile Include="CSelectSocket.cpp">
      <Filter>Source Files</Filter>
    </ClCompile>
    <ClCompile Include="CThread.cpp">
      <Filter>Source Files</Filter>
    </ClCompile>
    <ClCompile Include="CWinsock.cpp">
      <Filter>Source Files</Filter>
    </ClCompile>
  </ItemGroup>
  <ItemGroup>
    <ClInclude Include="CCriticalSection.hpp">
      <Filter>Header Files</Filter>
    </ClInclude>
    <ClInclude Include="CDataPool.hpp">
      <Filter>Header Files</Filter>
    </ClInclude>
    <ClInclude Include="CEvent.hpp">
      <Filter>Header Files</Filter>
    </ClInclude>
    <ClInclude Include="CIndexArray.hpp">
      <Filter>Header Files</Filter>
    </ClInclude>
    <ClInclude Include="CIndexList.hpp">
      <Filter>Header Files</Filter>
    </ClInclude>
    <ClInclude Include="CIocp.hpp">
      <Filter>Header Files</Filter>
    </ClInclude>
    <ClInclude Include="CIocpIoData.hpp">
      <Filter>Header Files</Filter>
    </ClInclude>
    <ClInclude Include="CIocpServer.hpp">
      <Filter>Header Files</Filter>
    </ClInclude>
    <ClInclude Include="CIocpServerAccepter.hpp">
      <Filter>Header Files</Filter>
    </ClInclude>
    <ClInclude Include="CIocpServerChecker.hpp">
      <Filter>Header Files</Filter>
    </ClInclude>
    <ClInclude Include="CIocpServerWorker.hpp">
      <Filter>Header Files</Filter>
    </ClInclude>
    <ClInclude Include="CIocpSocket.hpp">
      <Filter>Header Files</Filter>
    </ClInclude>
    <ClInclude Include="CList.hpp">
      <Filter>Header Files</Filter>
    </ClInclude>
    <ClInclude Include="CSelectServer.hpp">
      <Filter>Header Files</Filter>
    </ClInclude>
    <ClInclude Include="CSelectServerAccepter.hpp">
      <Filter>Header Files</Filter>
    </ClInclude>
    <ClInclude Include="CSelectSocket.hpp">
      <Filter>Header Files</Filter>
    </ClInclude>
    <ClInclude Include="CThread.hpp">
      <Filter>Header Files</Filter>
    </ClInclude>
    <ClInclude Include="CWinsock.hpp">
      <Filter>Header Files</Filter>
    </ClInclude>
  </ItemGroup>
</Project>